
Microsoft Visual Studio Solution File, Format Version 12.00
# Visual Studio Version 16
VisualStudioVersion = 16.0.31729.503
MinimumVisualStudioVersion = 10.0.40219.1
Project("{FAE04EC0-301F-11D3-BF4B-00C04F79EFBC}") = "WCFService", "WCFService.csproj", "{1DA0D7B6-E61C-4ACF-AD83-799BEB940A37}"
EndProject
Project("{FAE04EC0-301F-11D3-BF4B-00C04F79EFBC}") = "HostProject", "..\HostProject\HostProject.csproj", "{D3B107BC-9D66-426B-BD0D-FDE36A85C35B}"
EndProject
Global
	GlobalSection(SolutionConfigurationPlatforms) = preSolution
		Debug|Any CPU = Debug|Any CPU
		Release|Any CPU = Release|Any CPU
	EndGlobalSection
	GlobalSection(ProjectConfigurationPlatforms) = postSolution
		{1DA0D7B6-E61C-4ACF-AD83-799BEB940A37}.Debug|Any CPU.ActiveCfg = Debug|Any CPU
		{1DA0D7B6-E61C-4ACF-AD83-799BEB940A37}.Debug|Any CPU.Build.0 = Debug|Any CPU
		{1DA0D7B6-E61C-4ACF-AD83-799BEB940A37}.Release|Any CPU.ActiveCfg = Release|Any CPU
		{1DA0D7B6-E61C-4ACF-AD83-799BEB940A37}.Release|Any CPU.Build.0 = Release|Any CPU
		{D3B107BC-9D66-426B-BD0D-FDE36A85C35B}.Debug|Any CPU.ActiveCfg = Debug|Any CPU
		{D3B107BC-9D66-426B-BD0D-FDE36A85C35B}.Debug|Any CPU.Build.0 = Debug|Any CPU
		{D3B107BC-9D66-426B-BD0D-FDE36A85C35B}.Release|Any CPU.ActiveCfg = Release|Any CPU
		{D3B107BC-9D66-426B-BD0D-FDE36A85C35B}.Release|Any CPU.Build.0 = Release|Any CPU
	EndGlobalSection
	GlobalSection(SolutionProperties) = preSolution
		HideSolutionNode = FALSE
	EndGlobalSection
	GlobalSection(ExtensibilityGlobals) = postSolution
		SolutionGuid = {876C129F-C6ED-42A2-88A3-CD5660779BD1}
	EndGlobalSection
EndGlobal
